
Microsoft Visual Studio Solution File, Format Version 12.00
# Visual Studio Version 17
VisualStudioVersion = 17.13.35919.96 d17.13
MinimumVisualStudioVersion = 10.0.40219.1
Project("{FAE04EC0-301F-11D3-BF4B-00C04F79EFBC}") = "WebApplication2", "WebApplication2.csproj", "{B828B453-3079-46BE-AA1A-58DAD6E557F5}"
EndProject
Global
	GlobalSection(SolutionConfigurationPlatforms) = preSolution
		Debug|Any CPU = Debug|Any CPU
		Release|Any CPU = Release|Any CPU
	EndGlobalSection
	GlobalSection(ProjectConfigurationPlatforms) = postSolution
		{B828B453-3079-46BE-AA1A-58DAD6E557F5}.Debug|Any CPU.ActiveCfg = Debug|Any CPU
		{B828B453-3079-46BE-AA1A-58DAD6E557F5}.Debug|Any CPU.Build.0 = Debug|Any CPU
		{B828B453-3079-46BE-AA1A-58DAD6E557F5}.Release|Any CPU.ActiveCfg = Release|Any CPU
		{B828B453-3079-46BE-AA1A-58DAD6E557F5}.Release|Any CPU.Build.0 = Release|Any CPU
	EndGlobalSection
	GlobalSection(SolutionProperties) = preSolution
		HideSolutionNode = FALSE
	EndGlobalSection
	GlobalSection(ExtensibilityGlobals) = postSolution
		SolutionGuid = {C7BE65C2-7AA6-4AFE-BE07-843D8E3C1B1B}
	EndGlobalSection
EndGlobal
